
Microsoft Visual Studio Solution File, Format Version 12.00
# Visual Studio Version 16
VisualStudioVersion = 16.0.31702.278
MinimumVisualStudioVersion = 10.0.40219.1
Project("{9A19103F-16F7-4668-BE54-9A1E7A4F7556}") = "ClassLibrary", "ClassLibrary\ClassLibrary.csproj", "{DF27F49A-DAD9-46A8-9A85-C3807D3FF238}"
EndProject
Project("{9A19103F-16F7-4668-BE54-9A1E7A4F7556}") = "CoreWebApi", "CoreWebApi\CoreWebApi.csproj", "{9C364F71-99F4-4230-B86C-678497747B89}"
EndProject
Global
	GlobalSection(SolutionConfigurationPlatforms) = preSolution
		Debug|Any CPU = Debug|Any CPU
		Release|Any CPU = Release|Any CPU
	EndGlobalSection
	GlobalSection(ProjectConfigurationPlatforms) = postSolution
		{DF27F49A-DAD9-46A8-9A85-C3807D3FF238}.Debug|Any CPU.ActiveCfg = Debug|Any CPU
		{DF27F49A-DAD9-46A8-9A85-C3807D3FF238}.Debug|Any CPU.Build.0 = Debug|Any CPU
		{DF27F49A-DAD9-46A8-9A85-C3807D3FF238}.Release|Any CPU.ActiveCfg = Release|Any CPU
		{DF27F49A-DAD9-46A8-9A85-C3807D3FF238}.Release|Any CPU.Build.0 = Release|Any CPU
		{9C364F71-99F4-4230-B86C-678497747B89}.Debug|Any CPU.ActiveCfg = Debug|Any CPU
		{9C364F71-99F4-4230-B86C-678497747B89}.Debug|Any CPU.Build.0 = Debug|Any CPU
		{9C364F71-99F4-4230-B86C-678497747B89}.Release|Any CPU.ActiveCfg = Release|Any CPU
		{9C364F71-99F4-4230-B86C-678497747B89}.Release|Any CPU.Build.0 = Release|Any CPU
	EndGlobalSection
	GlobalSection(SolutionProperties) = preSolution
		HideSolutionNode = FALSE
	EndGlobalSection
	GlobalSection(ExtensibilityGlobals) = postSolution
		SolutionGuid = {84E5B55D-71D8-4F9E-A296-F57A4A8396F9}
	EndGlobalSection
EndGlobal
